{
  "name": "life-manager",
  "lockfileVersion": 2,
  "requires": true,
  "packages": {
    "": {
      "dependencies": {
        "n": "^7.1.0"
      }
    },
    "node_modules/n": {
      "version": "7.1.0",
      "resolved": "https://registry.npmjs.org/n/-/n-7.1.0.tgz",
      "integrity": "sha512-Uy9zwIfeRDOepFGbpsvnMZ8TavnKQ0V4eNhd8oLUHOzJwxr3u2vojZdrbpxjNGMQDWwJnrDQAA37hApdUcMluw==",
      "os": [
        "!win32"
      ],
      "bin": {
        "n": "bin/n"
      },
      "engines": {
        "node": "*"
      }
    }
  },
  "dependencies": {
    "n": {
      "version": "7.1.0",
      "resolved": "https://registry.npmjs.org/n/-/n-7.1.0.tgz",
      "integrity": "sha512-Uy9zwIfeRDOepFGbpsvnMZ8TavnKQ0V4eNhd8oLUHOzJwxr3u2vojZdrbpxjNGMQDWwJnrDQAA37hApdUcMluw=="
    }
  }
}
